{
  "nodes": {
    "home-manager": {
      "inputs": {
        "nixpkgs": "nixpkgs"
      },
      "locked": {
        "lastModified": 1597084797,
        "narHash": "sha256-JEFe0RAPpliyJMIduE81gVv+GnCXGyrwW7JVd2Cr79A=",
        "ref": "bqv-flakes",
        "rev": "731f9afd209cdb78ddd849a36c03ba855cdf0e31",
        "revCount": 1169,
        "type": "git",
        "url": "file:///yl/code/stories/opensource/home-manager/flakes/github.com/rycee/home-manager"
      },
      "original": {
        "type": "git",
        "url": "file:///yl/code/stories/opensource/home-manager/flakes/github.com/rycee/home-manager"
      }
    },
    "nixpkgs": {
      "locked": {
        "lastModified": 1591748508,
        "narHash": "sha256-GdYYaYsSBgYUhbDT1JJQ7vEgo8FWeW/AW7/qqJuCvRA=",
        "owner": "NixOS",
        "repo": "nixpkgs",
        "rev": "1d8c4410687390f9b8f92dbe6ff39fd8fc2b17c6",
        "type": "github"
      },
      "original": {
        "id": "nixpkgs",
        "type": "indirect"
      }
    },
    "nixpkgs_2": {
      "locked": {
        "lastModified": 1597095489,
        "narHash": "sha256-d3EGsl7E3rovMb/mfjhEIByTdKKR0WZquRRY7YiNP3U=",
        "owner": "NixOS",
        "repo": "nixpkgs",
        "rev": "b8e21e1d75b17841552e44a790822daeb8d180ad",
        "type": "github"
      },
      "original": {
        "id": "nixpkgs",
        "ref": "master",
        "type": "indirect"
      }
    },
    "root": {
      "inputs": {
        "home-manager": "home-manager",
        "nixpkgs": "nixpkgs_2"
      }
    }
  },
  "root": "root",
  "version": 7
}
