{
  "nodes": {
    "flake-utils": {
      "locked": {
        "lastModified": 1618217525,
        "narHash": "sha256-WGrhVczjXTiswQaoxQ+0PTfbLNeOQM6M36zvLn78AYg=",
        "owner": "numtide",
        "repo": "flake-utils",
        "rev": "c6169a2772643c4a93a0b5ac1c61e296cba68544",
        "type": "github"
      },
      "original": {
        "owner": "numtide",
        "repo": "flake-utils",
        "type": "github"
      }
    },
    "home-manager": {
      "inputs": {
        "nixpkgs": [
          "nixpkgs"
        ]
      },
      "locked": {
        "lastModified": 1621135068,
        "narHash": "sha256-aPJlgosfLp3QtPDFLf/N7qNpIo5Q45MpYyzlaACL2G4=",
        "owner": "nix-community",
        "repo": "home-manager",
        "rev": "77188bcd6e2c6c7a99253b36f08ed7b65f2901d2",
        "type": "github"
      },
      "original": {
        "owner": "nix-community",
        "repo": "home-manager",
        "type": "github"
      }
    },
    "nixpkgs": {
      "locked": {
        "lastModified": 1622252957,
        "narHash": "sha256-CLXKNx3n/l9wpyP3UCHE245gwk5wWnhcafdNoRIpiC0=",
        "owner": "nixos",
        "repo": "nixpkgs",
        "rev": "6ca6be2bbf2306fb38550bb67224acfecd89946d",
        "type": "github"
      },
      "original": {
        "owner": "nixos",
        "ref": "release-21.05",
        "repo": "nixpkgs",
        "type": "github"
      }
    },
    "root": {
      "inputs": {
        "home-manager": "home-manager",
        "nixpkgs": "nixpkgs",
        "unstable": "unstable",
        "utils": "utils"
      }
    },
    "unstable": {
      "locked": {
        "lastModified": 1622194753,
        "narHash": "sha256-76qtvFp/vFEz46lz5iZMJ0mnsWQYmuGYlb0fHgKqqMg=",
        "owner": "nixos",
        "repo": "nixpkgs",
        "rev": "540dccb2aeaffa9dc69bfdc41c55abd7ccc6baa3",
        "type": "github"
      },
      "original": {
        "owner": "nixos",
        "ref": "nixos-unstable",
        "repo": "nixpkgs",
        "type": "github"
      }
    },
    "utils": {
      "inputs": {
        "flake-utils": "flake-utils"
      },
      "locked": {
        "narHash": "sha256-Ayp3/TgQs41VSSiUzudeWkw/fsskkssWEGVzDU3xx/U=",
        "path": "../../gytis-ivaskevicius/flake-utils-plus",
        "type": "path"
      },
      "original": {
        "path": "../../gytis-ivaskevicius/flake-utils-plus",
        "type": "path"
      }
    }
  },
  "root": "root",
  "version": 7
}
